
Microsoft Visual Studio Solution File, Format Version 12.00
# Visual Studio 15
VisualStudioVersion = 15.0.27130.2027
MinimumVisualStudioVersion = 10.0.40219.1
Project("{FAE04EC0-301F-11D3-BF4B-00C04F79EFBC}") = "SerializationTesting", "SerializationTesting\SerializationTesting.csproj", "{5D1AA70D-4A0F-4E13-9FC2-7B45CD20028B}"
EndProject
Global
	GlobalSection(SolutionConfigurationPlatforms) = preSolution
		Debug|Any CPU = Debug|Any CPU
		Release|Any CPU = Release|Any CPU
	EndGlobalSection
	GlobalSection(ProjectConfigurationPlatforms) = postSolution
		{5D1AA70D-4A0F-4E13-9FC2-7B45CD20028B}.Debug|Any CPU.ActiveCfg = Debug|Any CPU
		{5D1AA70D-4A0F-4E13-9FC2-7B45CD20028B}.Debug|Any CPU.Build.0 = Debug|Any CPU
		{5D1AA70D-4A0F-4E13-9FC2-7B45CD20028B}.Release|Any CPU.ActiveCfg = Release|Any CPU
		{5D1AA70D-4A0F-4E13-9FC2-7B45CD20028B}.Release|Any CPU.Build.0 = Release|Any CPU
	EndGlobalSection
	GlobalSection(SolutionProperties) = preSolution
		HideSolutionNode = FALSE
	EndGlobalSection
	GlobalSection(ExtensibilityGlobals) = postSolution
		SolutionGuid = {03C0FEDD-63C7-48C2-A6FE-CB139C534BB6}
	EndGlobalSection
EndGlobal
